
Microsoft Visual Studio Solution File, Format Version 12.00
# Visual Studio Version 16
VisualStudioVersion = 16.0.30611.23
MinimumVisualStudioVersion = 10.0.40219.1
Project("{8BC9CEB8-8B4A-11D0-8D11-00A0C91BC942}") = "Basic Exceptions", "Basic Exceptions\Basic Exceptions.vcxproj", "{64E847E9-FF6B-45AB-87C5-5DC9C5C66519}"
EndProject
Project("{8BC9CEB8-8B4A-11D0-8D11-00A0C91BC942}") = "Standard Exceptions", "Standard Exceptions\Standard Exceptions.vcxproj", "{2E92300C-FB8D-4D95-8FD3-6DB3E159DEBE}"
EndProject
Project("{8BC9CEB8-8B4A-11D0-8D11-00A0C91BC942}") = "Custom Exceptions", "Custom Exceptions\Custom Exceptions.vcxproj", "{611A62D8-EAF1-4C35-8683-6BAD9CCD455F}"
EndProject
Project("{8BC9CEB8-8B4A-11D0-8D11-00A0C91BC942}") = "Catching Subclass Exceptions", "Catching Subclass Exceptions\Catching Subclass Exceptions.vcxproj", "{2F21E779-7EB4-4BA1-9216-07AFE8FAF6F9}"
EndProject
Project("{8BC9CEB8-8B4A-11D0-8D11-00A0C91BC942}") = "Writing Text Files", "Writing Text Files\Writing Text Files.vcxproj", "{7A45AA32-AA1E-427A-A3DC-3206071F2CED}"
EndProject
Project("{8BC9CEB8-8B4A-11D0-8D11-00A0C91BC942}") = "Reading Text Files", "Reading Text Files\Reading Text Files.vcxproj", "{9844104C-4056-40A2-9597-79CC3D4C6B35}"
EndProject
Project("{8BC9CEB8-8B4A-11D0-8D11-00A0C91BC942}") = "Parsing Text in Files", "Parsing Text in Files\Parsing Text in Files.vcxproj", "{DAE80DF5-9586-451F-8258-B88936A616F8}"
EndProject
Project("{8BC9CEB8-8B4A-11D0-8D11-00A0C91BC942}") = "Binary Files", "Binary Files\Binary Files.vcxproj", "{0C06D05A-D0D0-4ABB-9A78-50EE52B3BD2B}"
EndProject
Project("{8BC9CEB8-8B4A-11D0-8D11-00A0C91BC942}") = "Struct Padding", "Struct Padding\Struct Padding.vcxproj", "{ABB9F4B5-43A3-4228-B229-77399AB575A6}"
EndProject
Project("{8BC9CEB8-8B4A-11D0-8D11-00A0C91BC942}") = "Vectors", "Vectors\Vectors.vcxproj", "{11318450-3310-4D74-B9C1-F87A5EE1082A}"
EndProject
Project("{8BC9CEB8-8B4A-11D0-8D11-00A0C91BC942}") = "Vectors and Memory", "Vectors and Memory\Vectors and Memory.vcxproj", "{D7557A07-7ADB-4F30-A4D0-71C6A376C1C6}"
EndProject
Project("{8BC9CEB8-8B4A-11D0-8D11-00A0C91BC942}") = "Two dimensional Vectors", "Two dimensional Vectors\Two dimensional Vectors.vcxproj", "{09907F61-C0AA-495F-A2F5-AC015D2B21D4}"
EndProject
Project("{8BC9CEB8-8B4A-11D0-8D11-00A0C91BC942}") = "Lists", "Lists\Lists.vcxproj", "{B309A1C8-6C01-4755-9769-6D0D89CF16CC}"
EndProject
Project("{8BC9CEB8-8B4A-11D0-8D11-00A0C91BC942}") = "Maps", "Maps\Maps.vcxproj", "{97E913E1-9857-4C8D-8389-F3647569B474}"
EndProject
Project("{8BC9CEB8-8B4A-11D0-8D11-00A0C91BC942}") = "Custom Objects as Map Values", "Custom Objects as Map Values\Custom Objects as Map Values.vcxproj", "{8B2C9857-33D1-48C2-8651-58771BB0A47C}"
EndProject
Project("{8BC9CEB8-8B4A-11D0-8D11-00A0C91BC942}") = "Custom Objects as Map Keys", "Custom Objects as Map Keys\Custom Objects as Map Keys.vcxproj", "{132241E7-D4EF-4E0B-86D0-1DAA9A3A1E91}"
EndProject
Project("{8BC9CEB8-8B4A-11D0-8D11-00A0C91BC942}") = "Multimap", "Multimap\Multimap.vcxproj", "{E11E037E-FA55-4DEA-A8F3-1E20D1953721}"
EndProject
Project("{8BC9CEB8-8B4A-11D0-8D11-00A0C91BC942}") = "Sets", "Sets\Sets.vcxproj", "{DB2AEE0C-25A4-4F20-9FD9-B7A9CA8496D2}"
EndProject
Project("{8BC9CEB8-8B4A-11D0-8D11-00A0C91BC942}") = "Stack and Queue", "Stack and Queue\Stack and Queue.vcxproj", "{C37EBD29-2D8A-4016-BEFC-4CA078C39410}"
EndProject
Project("{8BC9CEB8-8B4A-11D0-8D11-00A0C91BC942}") = "Sorting Vectors", "Sorting Vectors\Sorting Vectors.vcxproj", "{93B4D3AB-8A6C-4A7B-8C0F-3F8E690B9E51}"
EndProject
Global
	GlobalSection(SolutionConfigurationPlatforms) = preSolution
		Debug|x64 = Debug|x64
		Debug|x86 = Debug|x86
		Release|x64 = Release|x64
		Release|x86 = Release|x86
	EndGlobalSection
	GlobalSection(ProjectConfigurationPlatforms) = postSolution
		{64E847E9-FF6B-45AB-87C5-5DC9C5C66519}.Debug|x64.ActiveCfg = Debug|x64
		{64E847E9-FF6B-45AB-87C5-5DC9C5C66519}.Debug|x64.Build.0 = Debug|x64
		{64E847E9-FF6B-45AB-87C5-5DC9C5C66519}.Debug|x86.ActiveCfg = Debug|Win32
		{64E847E9-FF6B-45AB-87C5-5DC9C5C66519}.Debug|x86.Build.0 = Debug|Win32
		{64E847E9-FF6B-45AB-87C5-5DC9C5C66519}.Release|x64.ActiveCfg = Release|x64
		{64E847E9-FF6B-45AB-87C5-5DC9C5C66519}.Release|x64.Build.0 = Release|x64
		{64E847E9-FF6B-45AB-87C5-5DC9C5C66519}.Release|x86.ActiveCfg = Release|Win32
		{64E847E9-FF6B-45AB-87C5-5DC9C5C66519}.Release|x86.Build.0 = Release|Win32
		{2E92300C-FB8D-4D95-8FD3-6DB3E159DEBE}.Debug|x64.ActiveCfg = Debug|x64
		{2E92300C-FB8D-4D95-8FD3-6DB3E159DEBE}.Debug|x64.Build.0 = Debug|x64
		{2E92300C-FB8D-4D95-8FD3-6DB3E159DEBE}.Debug|x86.ActiveCfg = Debug|Win32
		{2E92300C-FB8D-4D95-8FD3-6DB3E159DEBE}.Debug|x86.Build.0 = Debug|Win32
		{2E92300C-FB8D-4D95-8FD3-6DB3E159DEBE}.Release|x64.ActiveCfg = Release|x64
		{2E92300C-FB8D-4D95-8FD3-6DB3E159DEBE}.Release|x64.Build.0 = Release|x64
		{2E92300C-FB8D-4D95-8FD3-6DB3E159DEBE}.Release|x86.ActiveCfg = Release|Win32
		{2E92300C-FB8D-4D95-8FD3-6DB3E159DEBE}.Release|x86.Build.0 = Release|Win32
		{611A62D8-EAF1-4C35-8683-6BAD9CCD455F}.Debug|x64.ActiveCfg = Debug|x64
		{611A62D8-EAF1-4C35-8683-6BAD9CCD455F}.Debug|x64.Build.0 = Debug|x64
		{611A62D8-EAF1-4C35-8683-6BAD9CCD455F}.Debug|x86.ActiveCfg = Debug|Win32
		{611A62D8-EAF1-4C35-8683-6BAD9CCD455F}.Debug|x86.Build.0 = Debug|Win32
		{611A62D8-EAF1-4C35-8683-6BAD9CCD455F}.Release|x64.ActiveCfg = Release|x64
		{611A62D8-EAF1-4C35-8683-6BAD9CCD455F}.Release|x64.Build.0 = Release|x64
		{611A62D8-EAF1-4C35-8683-6BAD9CCD455F}.Release|x86.ActiveCfg = Release|Win32
		{611A62D8-EAF1-4C35-8683-6BAD9CCD455F}.Release|x86.Build.0 = Release|Win32
		{2F21E779-7EB4-4BA1-9216-07AFE8FAF6F9}.Debug|x64.ActiveCfg = Debug|x64
		{2F21E779-7EB4-4BA1-9216-07AFE8FAF6F9}.Debug|x64.Build.0 = Debug|x64
		{2F21E779-7EB4-4BA1-9216-07AFE8FAF6F9}.Debug|x86.ActiveCfg = Debug|Win32
		{2F21E779-7EB4-4BA1-9216-07AFE8FAF6F9}.Debug|x86.Build.0 = Debug|Win32
		{2F21E779-7EB4-4BA1-9216-07AFE8FAF6F9}.Release|x64.ActiveCfg = Release|x64
		{2F21E779-7EB4-4BA1-9216-07AFE8FAF6F9}.Release|x64.Build.0 = Release|x64
		{2F21E779-7EB4-4BA1-9216-07AFE8FAF6F9}.Release|x86.ActiveCfg = Release|Win32
		{2F21E779-7EB4-4BA1-9216-07AFE8FAF6F9}.Release|x86.Build.0 = Release|Win32
		{7A45AA32-AA1E-427A-A3DC-3206071F2CED}.Debug|x64.ActiveCfg = Debug|x64
		{7A45AA32-AA1E-427A-A3DC-3206071F2CED}.Debug|x64.Build.0 = Debug|x64
		{7A45AA32-AA1E-427A-A3DC-3206071F2CED}.Debug|x86.ActiveCfg = Debug|Win32
		{7A45AA32-AA1E-427A-A3DC-3206071F2CED}.Debug|x86.Build.0 = Debug|Win32
		{7A45AA32-AA1E-427A-A3DC-3206071F2CED}.Release|x64.ActiveCfg = Release|x64
		{7A45AA32-AA1E-427A-A3DC-3206071F2CED}.Release|x64.Build.0 = Release|x64
		{7A45AA32-AA1E-427A-A3DC-3206071F2CED}.Release|x86.ActiveCfg = Release|Win32
		{7A45AA32-AA1E-427A-A3DC-3206071F2CED}.Release|x86.Build.0 = Release|Win32
		{9844104C-4056-40A2-9597-79CC3D4C6B35}.Debug|x64.ActiveCfg = Debug|x64
		{9844104C-4056-40A2-9597-79CC3D4C6B35}.Debug|x64.Build.0 = Debug|x64
		{9844104C-4056-40A2-9597-79CC3D4C6B35}.Debug|x86.ActiveCfg = Debug|Win32
		{9844104C-4056-40A2-9597-79CC3D4C6B35}.Debug|x86.Build.0 = Debug|Win32
		{9844104C-4056-40A2-9597-79CC3D4C6B35}.Release|x64.ActiveCfg = Release|x64
		{9844104C-4056-40A2-9597-79CC3D4C6B35}.Release|x64.Build.0 = Release|x64
		{9844104C-4056-40A2-9597-79CC3D4C6B35}.Release|x86.ActiveCfg = Release|Win32
		{9844104C-4056-40A2-9597-79CC3D4C6B35}.Release|x86.Build.0 = Release|Win32
		{DAE80DF5-9586-451F-8258-B88936A616F8}.Debug|x64.ActiveCfg = Debug|x64
		{DAE80DF5-9586-451F-8258-B88936A616F8}.Debug|x64.Build.0 = Debug|x64
		{DAE80DF5-9586-451F-8258-B88936A616F8}.Debug|x86.ActiveCfg = Debug|Win32
		{DAE80DF5-9586-451F-8258-B88936A616F8}.Debug|x86.Build.0 = Debug|Win32
		{DAE80DF5-9586-451F-8258-B88936A616F8}.Release|x64.ActiveCfg = Release|x64
		{DAE80DF5-9586-451F-8258-B88936A616F8}.Release|x64.Build.0 = Release|x64
		{DAE80DF5-9586-451F-8258-B88936A616F8}.Release|x86.ActiveCfg = Release|Win32
		{DAE80DF5-9586-451F-8258-B88936A616F8}.Release|x86.Build.0 = Release|Win32
		{0C06D05A-D0D0-4ABB-9A78-50EE52B3BD2B}.Debug|x64.ActiveCfg = Debug|x64
		{0C06D05A-D0D0-4ABB-9A78-50EE52B3BD2B}.Debug|x64.Build.0 = Debug|x64
		{0C06D05A-D0D0-4ABB-9A78-50EE52B3BD2B}.Debug|x86.ActiveCfg = Debug|Win32
		{0C06D05A-D0D0-4ABB-9A78-50EE52B3BD2B}.Debug|x86.Build.0 = Debug|Win32
		{0C06D05A-D0D0-4ABB-9A78-50EE52B3BD2B}.Release|x64.ActiveCfg = Release|x64
		{0C06D05A-D0D0-4ABB-9A78-50EE52B3BD2B}.Release|x64.Build.0 = Release|x64
		{0C06D05A-D0D0-4ABB-9A78-50EE52B3BD2B}.Release|x86.ActiveCfg = Release|Win32
		{0C06D05A-D0D0-4ABB-9A78-50EE52B3BD2B}.Release|x86.Build.0 = Release|Win32
		{ABB9F4B5-43A3-4228-B229-77399AB575A6}.Debug|x64.ActiveCfg = Debug|x64
		{ABB9F4B5-43A3-4228-B229-77399AB575A6}.Debug|x64.Build.0 = Debug|x64
		{ABB9F4B5-43A3-4228-B229-77399AB575A6}.Debug|x86.ActiveCfg = Debug|Win32
		{ABB9F4B5-43A3-4228-B229-77399AB575A6}.Debug|x86.Build.0 = Debug|Win32
		{ABB9F4B5-43A3-4228-B229-77399AB575A6}.Release|x64.ActiveCfg = Release|x64
		{ABB9F4B5-43A3-4228-B229-77399AB575A6}.Release|x64.Build.0 = Release|x64
		{ABB9F4B5-43A3-4228-B229-77399AB575A6}.Release|x86.ActiveCfg = Release|Win32
		{ABB9F4B5-43A3-4228-B229-77399AB575A6}.Release|x86.Build.0 = Release|Win32
		{11318450-3310-4D74-B9C1-F87A5EE1082A}.Debug|x64.ActiveCfg = Debug|x64
		{11318450-3310-4D74-B9C1-F87A5EE1082A}.Debug|x64.Build.0 = Debug|x64
		{11318450-3310-4D74-B9C1-F87A5EE1082A}.Debug|x86.ActiveCfg = Debug|Win32
		{11318450-3310-4D74-B9C1-F87A5EE1082A}.Debug|x86.Build.0 = Debug|Win32
		{11318450-3310-4D74-B9C1-F87A5EE1082A}.Release|x64.ActiveCfg = Release|x64
		{11318450-3310-4D74-B9C1-F87A5EE1082A}.Release|x64.Build.0 = Release|x64
		{11318450-3310-4D74-B9C1-F87A5EE1082A}.Release|x86.ActiveCfg = Release|Win32
		{11318450-3310-4D74-B9C1-F87A5EE1082A}.Release|x86.Build.0 = Release|Win32
		{D7557A07-7ADB-4F30-A4D0-71C6A376C1C6}.Debug|x64.ActiveCfg = Debug|x64
		{D7557A07-7ADB-4F30-A4D0-71C6A376C1C6}.Debug|x64.Build.0 = Debug|x64
		{D7557A07-7ADB-4F30-A4D0-71C6A376C1C6}.Debug|x86.ActiveCfg = Debug|Win32
		{D7557A07-7ADB-4F30-A4D0-71C6A376C1C6}.Debug|x86.Build.0 = Debug|Win32
		{D7557A07-7ADB-4F30-A4D0-71C6A376C1C6}.Release|x64.ActiveCfg = Release|x64
		{D7557A07-7ADB-4F30-A4D0-71C6A376C1C6}.Release|x64.Build.0 = Release|x64
		{D7557A07-7ADB-4F30-A4D0-71C6A376C1C6}.Release|x86.ActiveCfg = Release|Win32
		{D7557A07-7ADB-4F30-A4D0-71C6A376C1C6}.Release|x86.Build.0 = Release|Win32
		{09907F61-C0AA-495F-A2F5-AC015D2B21D4}.Debug|x64.ActiveCfg = Debug|x64
		{09907F61-C0AA-495F-A2F5-AC015D2B21D4}.Debug|x64.Build.0 = Debug|x64
		{09907F61-C0AA-495F-A2F5-AC015D2B21D4}.Debug|x86.ActiveCfg = Debug|Win32
		{09907F61-C0AA-495F-A2F5-AC015D2B21D4}.Debug|x86.Build.0 = Debug|Win32
		{09907F61-C0AA-495F-A2F5-AC015D2B21D4}.Release|x64.ActiveCfg = Release|x64
		{09907F61-C0AA-495F-A2F5-AC015D2B21D4}.Release|x64.Build.0 = Release|x64
		{09907F61-C0AA-495F-A2F5-AC015D2B21D4}.Release|x86.ActiveCfg = Release|Win32
		{09907F61-C0AA-495F-A2F5-AC015D2B21D4}.Release|x86.Build.0 = Release|Win32
		{B309A1C8-6C01-4755-9769-6D0D89CF16CC}.Debug|x64.ActiveCfg = Debug|x64
		{B309A1C8-6C01-4755-9769-6D0D89CF16CC}.Debug|x64.Build.0 = Debug|x64
		{B309A1C8-6C01-4755-9769-6D0D89CF16CC}.Debug|x86.ActiveCfg = Debug|Win32
		{B309A1C8-6C01-4755-9769-6D0D89CF16CC}.Debug|x86.Build.0 = Debug|Win32
		{B309A1C8-6C01-4755-9769-6D0D89CF16CC}.Release|x64.ActiveCfg = Release|x64
		{B309A1C8-6C01-4755-9769-6D0D89CF16CC}.Release|x64.Build.0 = Release|x64
		{B309A1C8-6C01-4755-9769-6D0D89CF16CC}.Release|x86.ActiveCfg = Release|Win32
		{B309A1C8-6C01-4755-9769-6D0D89CF16CC}.Release|x86.Build.0 = Release|Win32
		{97E913E1-9857-4C8D-8389-F3647569B474}.Debug|x64.ActiveCfg = Debug|x64
		{97E913E1-9857-4C8D-8389-F3647569B474}.Debug|x64.Build.0 = Debug|x64
		{97E913E1-9857-4C8D-8389-F3647569B474}.Debug|x86.ActiveCfg = Debug|Win32
		{97E913E1-9857-4C8D-8389-F3647569B474}.Debug|x86.Build.0 = Debug|Win32
		{97E913E1-9857-4C8D-8389-F3647569B474}.Release|x64.ActiveCfg = Release|x64
		{97E913E1-9857-4C8D-8389-F3647569B474}.Release|x64.Build.0 = Release|x64
		{97E913E1-9857-4C8D-8389-F3647569B474}.Release|x86.ActiveCfg = Release|Win32
		{97E913E1-9857-4C8D-8389-F3647569B474}.Release|x86.Build.0 = Release|Win32
		{8B2C9857-33D1-48C2-8651-58771BB0A47C}.Debug|x64.ActiveCfg = Debug|x64
		{8B2C9857-33D1-48C2-8651-58771BB0A47C}.Debug|x64.Build.0 = Debug|x64
		{8B2C9857-33D1-48C2-8651-58771BB0A47C}.Debug|x86.ActiveCfg = Debug|Win32
		{8B2C9857-33D1-48C2-8651-58771BB0A47C}.Debug|x86.Build.0 = Debug|Win32
		{8B2C9857-33D1-48C2-8651-58771BB0A47C}.Release|x64.ActiveCfg = Release|x64
		{8B2C9857-33D1-48C2-8651-58771BB0A47C}.Release|x64.Build.0 = Release|x64
		{8B2C9857-33D1-48C2-8651-58771BB0A47C}.Release|x86.ActiveCfg = Release|Win32
		{8B2C9857-33D1-48C2-8651-58771BB0A47C}.Release|x86.Build.0 = Release|Win32
		{132241E7-D4EF-4E0B-86D0-1DAA9A3A1E91}.Debug|x64.ActiveCfg = Debug|x64
		{132241E7-D4EF-4E0B-86D0-1DAA9A3A1E91}.Debug|x64.Build.0 = Debug|x64
		{132241E7-D4EF-4E0B-86D0-1DAA9A3A1E91}.Debug|x86.ActiveCfg = Debug|Win32
		{132241E7-D4EF-4E0B-86D0-1DAA9A3A1E91}.Debug|x86.Build.0 = Debug|Win32
		{132241E7-D4EF-4E0B-86D0-1DAA9A3A1E91}.Release|x64.ActiveCfg = Release|x64
		{132241E7-D4EF-4E0B-86D0-1DAA9A3A1E91}.Release|x64.Build.0 = Release|x64
		{132241E7-D4EF-4E0B-86D0-1DAA9A3A1E91}.Release|x86.ActiveCfg = Release|Win32
		{132241E7-D4EF-4E0B-86D0-1DAA9A3A1E91}.Release|x86.Build.0 = Release|Win32
		{E11E037E-FA55-4DEA-A8F3-1E20D1953721}.Debug|x64.ActiveCfg = Debug|x64
		{E11E037E-FA55-4DEA-A8F3-1E20D1953721}.Debug|x64.Build.0 = Debug|x64
		{E11E037E-FA55-4DEA-A8F3-1E20D1953721}.Debug|x86.ActiveCfg = Debug|Win32
		{E11E037E-FA55-4DEA-A8F3-1E20D1953721}.Debug|x86.Build.0 = Debug|Win32
		{E11E037E-FA55-4DEA-A8F3-1E20D1953721}.Release|x64.ActiveCfg = Release|x64
		{E11E037E-FA55-4DEA-A8F3-1E20D1953721}.Release|x64.Build.0 = Release|x64
		{E11E037E-FA55-4DEA-A8F3-1E20D1953721}.Release|x86.ActiveCfg = Release|Win32
		{E11E037E-FA55-4DEA-A8F3-1E20D1953721}.Release|x86.Build.0 = Release|Win32
		{DB2AEE0C-25A4-4F20-9FD9-B7A9CA8496D2}.Debug|x64.ActiveCfg = Debug|x64
		{DB2AEE0C-25A4-4F20-9FD9-B7A9CA8496D2}.Debug|x64.Build.0 = Debug|x64
		{DB2AEE0C-25A4-4F20-9FD9-B7A9CA8496D2}.Debug|x86.ActiveCfg = Debug|Win32
		{DB2AEE0C-25A4-4F20-9FD9-B7A9CA8496D2}.Debug|x86.Build.0 = Debug|Win32
		{DB2AEE0C-25A4-4F20-9FD9-B7A9CA8496D2}.Release|x64.ActiveCfg = Release|x64
		{DB2AEE0C-25A4-4F20-9FD9-B7A9CA8496D2}.Release|x64.Build.0 = Release|x64
		{DB2AEE0C-25A4-4F20-9FD9-B7A9CA8496D2}.Release|x86.ActiveCfg = Release|Win32
		{DB2AEE0C-25A4-4F20-9FD9-B7A9CA8496D2}.Release|x86.Build.0 = Release|Win32
		{C37EBD29-2D8A-4016-BEFC-4CA078C39410}.Debug|x64.ActiveCfg = Debug|x64
		{C37EBD29-2D8A-4016-BEFC-4CA078C39410}.Debug|x64.Build.0 = Debug|x64
		{C37EBD29-2D8A-4016-BEFC-4CA078C39410}.Debug|x86.ActiveCfg = Debug|Win32
		{C37EBD29-2D8A-4016-BEFC-4CA078C39410}.Debug|x86.Build.0 = Debug|Win32
		{C37EBD29-2D8A-4016-BEFC-4CA078C39410}.Release|x64.ActiveCfg = Release|x64
		{C37EBD29-2D8A-4016-BEFC-4CA078C39410}.Release|x64.Build.0 = Release|x64
		{C37EBD29-2D8A-4016-BEFC-4CA078C39410}.Release|x86.ActiveCfg = Release|Win32
		{C37EBD29-2D8A-4016-BEFC-4CA078C39410}.Release|x86.Build.0 = Release|Win32
		{93B4D3AB-8A6C-4A7B-8C0F-3F8E690B9E51}.Debug|x64.ActiveCfg = Debug|x64
		{93B4D3AB-8A6C-4A7B-8C0F-3F8E690B9E51}.Debug|x64.Build.0 = Debug|x64
		{93B4D3AB-8A6C-4A7B-8C0F-3F8E690B9E51}.Debug|x86.ActiveCfg = Debug|Win32
		{93B4D3AB-8A6C-4A7B-8C0F-3F8E690B9E51}.Debug|x86.Build.0 = Debug|Win32
		{93B4D3AB-8A6C-4A7B-8C0F-3F8E690B9E51}.Release|x64.ActiveCfg = Release|x64
		{93B4D3AB-8A6C-4A7B-8C0F-3F8E690B9E51}.Release|x64.Build.0 = Release|x64
		{93B4D3AB-8A6C-4A7B-8C0F-3F8E690B9E51}.Release|x86.ActiveCfg = Release|Win32
		{93B4D3AB-8A6C-4A7B-8C0F-3F8E690B9E51}.Release|x86.Build.0 = Release|Win32
	EndGlobalSection
	GlobalSection(SolutionProperties) = preSolution
		HideSolutionNode = FALSE
	EndGlobalSection
	GlobalSection(ExtensibilityGlobals) = postSolution
		SolutionGuid = {D6B1F7C7-DE8D-4505-B1AE-12F93707DF34}
	EndGlobalSection
EndGlobal
