
Microsoft Visual Studio Solution File, Format Version 12.00
# Visual Studio Version 16
VisualStudioVersion = 16.0.30611.23
MinimumVisualStudioVersion = 10.0.40219.1
Project("{2150E333-8FDC-42A3-9474-1A3956D46DE8}") = "Exceptions", "Exceptions", "{CBCED384-5899-4A1B-903B-1AD6FEBC50E4}"
EndProject
Project("{2150E333-8FDC-42A3-9474-1A3956D46DE8}") = "Files", "Files", "{94882656-4C83-4F62-8F16-97574ED7118B}"
EndProject
Project("{2150E333-8FDC-42A3-9474-1A3956D46DE8}") = "Operator Overloading", "Operator Overloading", "{4491E43B-C277-42D6-ACC7-9DE7FED2BF5C}"
EndProject
Project("{2150E333-8FDC-42A3-9474-1A3956D46DE8}") = "Passing Functions to Functions", "Passing Functions to Functions", "{CEA5B6C1-AA19-4E39-B461-0930191198AC}"
EndProject
Project("{2150E333-8FDC-42A3-9474-1A3956D46DE8}") = "Template Classes and Functions", "Template Classes and Functions", "{03BBB2E6-97E1-4613-84EC-C1E69D705209}"
EndProject
Project("{2150E333-8FDC-42A3-9474-1A3956D46DE8}") = "The Standard Template Library", "The Standard Template Library", "{D2B845FE-0902-4E12-86DF-14B5C16D88F2}"
EndProject
Project("{8BC9CEB8-8B4A-11D0-8D11-00A0C91BC942}") = "Basic Exceptions", "Exceptions\Basic Exceptions\Basic Exceptions.vcxproj", "{64E847E9-FF6B-45AB-87C5-5DC9C5C66519}"
EndProject
Project("{8BC9CEB8-8B4A-11D0-8D11-00A0C91BC942}") = "Catching Subclass Exceptions", "Exceptions\Catching Subclass Exceptions\Catching Subclass Exceptions.vcxproj", "{2F21E779-7EB4-4BA1-9216-07AFE8FAF6F9}"
EndProject
Project("{8BC9CEB8-8B4A-11D0-8D11-00A0C91BC942}") = "Custom Exceptions", "Exceptions\Custom Exceptions\Custom Exceptions.vcxproj", "{611A62D8-EAF1-4C35-8683-6BAD9CCD455F}"
EndProject
Project("{8BC9CEB8-8B4A-11D0-8D11-00A0C91BC942}") = "Standard Exceptions", "Exceptions\Standard Exceptions\Standard Exceptions.vcxproj", "{2E92300C-FB8D-4D95-8FD3-6DB3E159DEBE}"
EndProject
Project("{8BC9CEB8-8B4A-11D0-8D11-00A0C91BC942}") = "Binary Files", "Files\Binary Files\Binary Files.vcxproj", "{0C06D05A-D0D0-4ABB-9A78-50EE52B3BD2B}"
EndProject
Project("{8BC9CEB8-8B4A-11D0-8D11-00A0C91BC942}") = "Parsing Text in Files", "Files\Parsing Text in Files\Parsing Text in Files.vcxproj", "{DAE80DF5-9586-451F-8258-B88936A616F8}"
EndProject
Project("{8BC9CEB8-8B4A-11D0-8D11-00A0C91BC942}") = "Reading Text Files", "Files\Reading Text Files\Reading Text Files.vcxproj", "{9844104C-4056-40A2-9597-79CC3D4C6B35}"
EndProject
Project("{8BC9CEB8-8B4A-11D0-8D11-00A0C91BC942}") = "Struct Padding", "Files\Struct Padding\Struct Padding.vcxproj", "{ABB9F4B5-43A3-4228-B229-77399AB575A6}"
EndProject
Project("{8BC9CEB8-8B4A-11D0-8D11-00A0C91BC942}") = "Writing Text Files", "Files\Writing Text Files\Writing Text Files.vcxproj", "{7A45AA32-AA1E-427A-A3DC-3206071F2CED}"
EndProject
Project("{8BC9CEB8-8B4A-11D0-8D11-00A0C91BC942}") = "A Complex Number Class", "Operator Overloading\A Complex Number Class\A Complex Number Class.vcxproj", "{7156DA0F-08BA-4684-BDFC-60888EFF2679}"
EndProject
Project("{8BC9CEB8-8B4A-11D0-8D11-00A0C91BC942}") = "Overloading Comparison Operators", "Operator Overloading\Overloading Comparison Operators\Overloading Comparison Operators.vcxproj", "{BA915687-CBA0-4A9B-A396-E27D8F6BDDBD}"
EndProject
Project("{8BC9CEB8-8B4A-11D0-8D11-00A0C91BC942}") = "Overloading Plus", "Operator Overloading\Overloading Plus\Overloading Plus.vcxproj", "{A329B7C3-CEF3-4A58-910D-8A41F4F298F3}"
EndProject
Project("{8BC9CEB8-8B4A-11D0-8D11-00A0C91BC942}") = "Overloading the Assignment Operator", "Operator Overloading\Overloading the Assignment Operator\Overloading the Assignment Operator.vcxproj", "{23B9ABFE-8C76-44AF-AF62-23D4C746DADC}"
EndProject
Project("{8BC9CEB8-8B4A-11D0-8D11-00A0C91BC942}") = "Overloading the Dereference Operator", "Operator Overloading\Overloading the Dereference Operator\Overloading the Dereference Operator.vcxproj", "{5144C973-FC6F-4AD1-9526-6CB6E90A0C87}"
EndProject
Project("{8BC9CEB8-8B4A-11D0-8D11-00A0C91BC942}") = "Overloading the Insertion Operator for Printing", "Operator Overloading\Overloading the Insertion Operator for Printing\Overloading the Insertion Operator for Printing.vcxproj", "{D2F54AEB-38A5-47DC-8C80-E05D3519368A}"
EndProject
Project("{8BC9CEB8-8B4A-11D0-8D11-00A0C91BC942}") = "Abstract Classes", "Passing Functions to Functions\Abstract Classes\Abstract Classes.vcxproj", "{72B83D3D-8307-4E33-863C-6ACBCD2C8F33}"
EndProject
Project("{8BC9CEB8-8B4A-11D0-8D11-00A0C91BC942}") = "Function Pointers", "Passing Functions to Functions\Function Pointers\Function Pointers.vcxproj", "{B354638E-5A32-482B-A6B2-2DB71A014F71}"
EndProject
Project("{8BC9CEB8-8B4A-11D0-8D11-00A0C91BC942}") = "Functors", "Passing Functions to Functions\Functors\Functors.vcxproj", "{8B728A71-380C-4065-AB20-4E6AE527CC11}"
EndProject
Project("{8BC9CEB8-8B4A-11D0-8D11-00A0C91BC942}") = "Object Slicing an Polymorphism", "Passing Functions to Functions\Object Slicing an Polymorphism\Object Slicing an Polymorphism.vcxproj", "{9AEF80BF-7370-47EC-9E68-3D928E626E71}"
EndProject
Project("{8BC9CEB8-8B4A-11D0-8D11-00A0C91BC942}") = "Using Function Pointers - An Example", "Passing Functions to Functions\Using Function Pointers - An Example\Using Function Pointers - An Example.vcxproj", "{2CABF577-FCBB-4B7A-8BF8-D3DF8AAAC20F}"
EndProject
Project("{8BC9CEB8-8B4A-11D0-8D11-00A0C91BC942}") = "Template Classes", "Template Classes and Functions\Template Classes\Template Classes.vcxproj", "{AEB8996F-A38F-4FBB-91E3-49C43E9F6A4A}"
EndProject
Project("{8BC9CEB8-8B4A-11D0-8D11-00A0C91BC942}") = "Template Functions", "Template Classes and Functions\Template Functions\Template Functions.vcxproj", "{6A39EC17-274D-41E4-97E4-96992876FD39}"
EndProject
Project("{8BC9CEB8-8B4A-11D0-8D11-00A0C91BC942}") = "Template Functions and Type Inference", "Template Classes and Functions\Template Functions and Type Inference\Template Functions and Type Inference.vcxproj", "{FEFC862B-F2C4-4622-BA49-D15E883111E3}"
EndProject
Project("{8BC9CEB8-8B4A-11D0-8D11-00A0C91BC942}") = "Custom Objects as Map Keys", "The Standard Template Library\Custom Objects as Map Keys\Custom Objects as Map Keys.vcxproj", "{132241E7-D4EF-4E0B-86D0-1DAA9A3A1E91}"
EndProject
Project("{8BC9CEB8-8B4A-11D0-8D11-00A0C91BC942}") = "Custom Objects as Map Values", "The Standard Template Library\Custom Objects as Map Values\Custom Objects as Map Values.vcxproj", "{8B2C9857-33D1-48C2-8651-58771BB0A47C}"
EndProject
Project("{8BC9CEB8-8B4A-11D0-8D11-00A0C91BC942}") = "Lists", "The Standard Template Library\Lists\Lists.vcxproj", "{B309A1C8-6C01-4755-9769-6D0D89CF16CC}"
EndProject
Project("{8BC9CEB8-8B4A-11D0-8D11-00A0C91BC942}") = "Maps", "The Standard Template Library\Maps\Maps.vcxproj", "{97E913E1-9857-4C8D-8389-F3647569B474}"
EndProject
Project("{8BC9CEB8-8B4A-11D0-8D11-00A0C91BC942}") = "Multimap", "The Standard Template Library\Multimap\Multimap.vcxproj", "{E11E037E-FA55-4DEA-A8F3-1E20D1953721}"
EndProject
Project("{8BC9CEB8-8B4A-11D0-8D11-00A0C91BC942}") = "Sets", "The Standard Template Library\Sets\Sets.vcxproj", "{DB2AEE0C-25A4-4F20-9FD9-B7A9CA8496D2}"
EndProject
Project("{8BC9CEB8-8B4A-11D0-8D11-00A0C91BC942}") = "Sorting Vectors", "The Standard Template Library\Sorting Vectors\Sorting Vectors.vcxproj", "{93B4D3AB-8A6C-4A7B-8C0F-3F8E690B9E51}"
EndProject
Project("{8BC9CEB8-8B4A-11D0-8D11-00A0C91BC942}") = "Stack and Queue", "The Standard Template Library\Stack and Queue\Stack and Queue.vcxproj", "{C37EBD29-2D8A-4016-BEFC-4CA078C39410}"
EndProject
Project("{8BC9CEB8-8B4A-11D0-8D11-00A0C91BC942}") = "STL Complex Data Types", "The Standard Template Library\STL Complex Data Types\STL Complex Data Types.vcxproj", "{AE1A70CD-9FAD-4387-9D66-D00536960ABC}"
EndProject
Project("{8BC9CEB8-8B4A-11D0-8D11-00A0C91BC942}") = "Two dimensional Vectors", "The Standard Template Library\Two dimensional Vectors\Two dimensional Vectors.vcxproj", "{09907F61-C0AA-495F-A2F5-AC015D2B21D4}"
EndProject
Project("{8BC9CEB8-8B4A-11D0-8D11-00A0C91BC942}") = "Vectors", "The Standard Template Library\Vectors\Vectors.vcxproj", "{11318450-3310-4D74-B9C1-F87A5EE1082A}"
EndProject
Project("{8BC9CEB8-8B4A-11D0-8D11-00A0C91BC942}") = "Vectors and Memory", "The Standard Template Library\Vectors and Memory\Vectors and Memory.vcxproj", "{D7557A07-7ADB-4F30-A4D0-71C6A376C1C6}"
EndProject
Project("{2150E333-8FDC-42A3-9474-1A3956D46DE8}") = "C++ 11's Amazing New Features", "C++ 11's Amazing New Features", "{503F6DB5-04A8-4974-AD3A-54BEEEE263F2}"
EndProject
Project("{8BC9CEB8-8B4A-11D0-8D11-00A0C91BC942}") = "Decltype and Typeid", "Decltype and Typeid\Decltype and Typeid.vcxproj", "{D9ACD4FB-72E1-4A27-88D6-E25ACA0667DA}"
EndProject
Project("{8BC9CEB8-8B4A-11D0-8D11-00A0C91BC942}") = "The auto Keyword", "The auto Keyword\The auto Keyword.vcxproj", "{954D26B8-033E-4653-889B-DDFF58F9B1EF}"
EndProject
Global
	GlobalSection(SolutionConfigurationPlatforms) = preSolution
		Debug|x64 = Debug|x64
		Debug|x86 = Debug|x86
		Release|x64 = Release|x64
		Release|x86 = Release|x86
	EndGlobalSection
	GlobalSection(ProjectConfigurationPlatforms) = postSolution
		{64E847E9-FF6B-45AB-87C5-5DC9C5C66519}.Debug|x64.ActiveCfg = Debug|x64
		{64E847E9-FF6B-45AB-87C5-5DC9C5C66519}.Debug|x64.Build.0 = Debug|x64
		{64E847E9-FF6B-45AB-87C5-5DC9C5C66519}.Debug|x86.ActiveCfg = Debug|Win32
		{64E847E9-FF6B-45AB-87C5-5DC9C5C66519}.Debug|x86.Build.0 = Debug|Win32
		{64E847E9-FF6B-45AB-87C5-5DC9C5C66519}.Release|x64.ActiveCfg = Release|x64
		{64E847E9-FF6B-45AB-87C5-5DC9C5C66519}.Release|x64.Build.0 = Release|x64
		{64E847E9-FF6B-45AB-87C5-5DC9C5C66519}.Release|x86.ActiveCfg = Release|Win32
		{64E847E9-FF6B-45AB-87C5-5DC9C5C66519}.Release|x86.Build.0 = Release|Win32
		{2F21E779-7EB4-4BA1-9216-07AFE8FAF6F9}.Debug|x64.ActiveCfg = Debug|x64
		{2F21E779-7EB4-4BA1-9216-07AFE8FAF6F9}.Debug|x64.Build.0 = Debug|x64
		{2F21E779-7EB4-4BA1-9216-07AFE8FAF6F9}.Debug|x86.ActiveCfg = Debug|Win32
		{2F21E779-7EB4-4BA1-9216-07AFE8FAF6F9}.Debug|x86.Build.0 = Debug|Win32
		{2F21E779-7EB4-4BA1-9216-07AFE8FAF6F9}.Release|x64.ActiveCfg = Release|x64
		{2F21E779-7EB4-4BA1-9216-07AFE8FAF6F9}.Release|x64.Build.0 = Release|x64
		{2F21E779-7EB4-4BA1-9216-07AFE8FAF6F9}.Release|x86.ActiveCfg = Release|Win32
		{2F21E779-7EB4-4BA1-9216-07AFE8FAF6F9}.Release|x86.Build.0 = Release|Win32
		{611A62D8-EAF1-4C35-8683-6BAD9CCD455F}.Debug|x64.ActiveCfg = Debug|x64
		{611A62D8-EAF1-4C35-8683-6BAD9CCD455F}.Debug|x64.Build.0 = Debug|x64
		{611A62D8-EAF1-4C35-8683-6BAD9CCD455F}.Debug|x86.ActiveCfg = Debug|Win32
		{611A62D8-EAF1-4C35-8683-6BAD9CCD455F}.Debug|x86.Build.0 = Debug|Win32
		{611A62D8-EAF1-4C35-8683-6BAD9CCD455F}.Release|x64.ActiveCfg = Release|x64
		{611A62D8-EAF1-4C35-8683-6BAD9CCD455F}.Release|x64.Build.0 = Release|x64
		{611A62D8-EAF1-4C35-8683-6BAD9CCD455F}.Release|x86.ActiveCfg = Release|Win32
		{611A62D8-EAF1-4C35-8683-6BAD9CCD455F}.Release|x86.Build.0 = Release|Win32
		{2E92300C-FB8D-4D95-8FD3-6DB3E159DEBE}.Debug|x64.ActiveCfg = Debug|x64
		{2E92300C-FB8D-4D95-8FD3-6DB3E159DEBE}.Debug|x64.Build.0 = Debug|x64
		{2E92300C-FB8D-4D95-8FD3-6DB3E159DEBE}.Debug|x86.ActiveCfg = Debug|Win32
		{2E92300C-FB8D-4D95-8FD3-6DB3E159DEBE}.Debug|x86.Build.0 = Debug|Win32
		{2E92300C-FB8D-4D95-8FD3-6DB3E159DEBE}.Release|x64.ActiveCfg = Release|x64
		{2E92300C-FB8D-4D95-8FD3-6DB3E159DEBE}.Release|x64.Build.0 = Release|x64
		{2E92300C-FB8D-4D95-8FD3-6DB3E159DEBE}.Release|x86.ActiveCfg = Release|Win32
		{2E92300C-FB8D-4D95-8FD3-6DB3E159DEBE}.Release|x86.Build.0 = Release|Win32
		{0C06D05A-D0D0-4ABB-9A78-50EE52B3BD2B}.Debug|x64.ActiveCfg = Debug|x64
		{0C06D05A-D0D0-4ABB-9A78-50EE52B3BD2B}.Debug|x64.Build.0 = Debug|x64
		{0C06D05A-D0D0-4ABB-9A78-50EE52B3BD2B}.Debug|x86.ActiveCfg = Debug|Win32
		{0C06D05A-D0D0-4ABB-9A78-50EE52B3BD2B}.Debug|x86.Build.0 = Debug|Win32
		{0C06D05A-D0D0-4ABB-9A78-50EE52B3BD2B}.Release|x64.ActiveCfg = Release|x64
		{0C06D05A-D0D0-4ABB-9A78-50EE52B3BD2B}.Release|x64.Build.0 = Release|x64
		{0C06D05A-D0D0-4ABB-9A78-50EE52B3BD2B}.Release|x86.ActiveCfg = Release|Win32
		{0C06D05A-D0D0-4ABB-9A78-50EE52B3BD2B}.Release|x86.Build.0 = Release|Win32
		{DAE80DF5-9586-451F-8258-B88936A616F8}.Debug|x64.ActiveCfg = Debug|x64
		{DAE80DF5-9586-451F-8258-B88936A616F8}.Debug|x64.Build.0 = Debug|x64
		{DAE80DF5-9586-451F-8258-B88936A616F8}.Debug|x86.ActiveCfg = Debug|Win32
		{DAE80DF5-9586-451F-8258-B88936A616F8}.Debug|x86.Build.0 = Debug|Win32
		{DAE80DF5-9586-451F-8258-B88936A616F8}.Release|x64.ActiveCfg = Release|x64
		{DAE80DF5-9586-451F-8258-B88936A616F8}.Release|x64.Build.0 = Release|x64
		{DAE80DF5-9586-451F-8258-B88936A616F8}.Release|x86.ActiveCfg = Release|Win32
		{DAE80DF5-9586-451F-8258-B88936A616F8}.Release|x86.Build.0 = Release|Win32
		{9844104C-4056-40A2-9597-79CC3D4C6B35}.Debug|x64.ActiveCfg = Debug|x64
		{9844104C-4056-40A2-9597-79CC3D4C6B35}.Debug|x64.Build.0 = Debug|x64
		{9844104C-4056-40A2-9597-79CC3D4C6B35}.Debug|x86.ActiveCfg = Debug|Win32
		{9844104C-4056-40A2-9597-79CC3D4C6B35}.Debug|x86.Build.0 = Debug|Win32
		{9844104C-4056-40A2-9597-79CC3D4C6B35}.Release|x64.ActiveCfg = Release|x64
		{9844104C-4056-40A2-9597-79CC3D4C6B35}.Release|x64.Build.0 = Release|x64
		{9844104C-4056-40A2-9597-79CC3D4C6B35}.Release|x86.ActiveCfg = Release|Win32
		{9844104C-4056-40A2-9597-79CC3D4C6B35}.Release|x86.Build.0 = Release|Win32
		{ABB9F4B5-43A3-4228-B229-77399AB575A6}.Debug|x64.ActiveCfg = Debug|x64
		{ABB9F4B5-43A3-4228-B229-77399AB575A6}.Debug|x64.Build.0 = Debug|x64
		{ABB9F4B5-43A3-4228-B229-77399AB575A6}.Debug|x86.ActiveCfg = Debug|Win32
		{ABB9F4B5-43A3-4228-B229-77399AB575A6}.Debug|x86.Build.0 = Debug|Win32
		{ABB9F4B5-43A3-4228-B229-77399AB575A6}.Release|x64.ActiveCfg = Release|x64
		{ABB9F4B5-43A3-4228-B229-77399AB575A6}.Release|x64.Build.0 = Release|x64
		{ABB9F4B5-43A3-4228-B229-77399AB575A6}.Release|x86.ActiveCfg = Release|Win32
		{ABB9F4B5-43A3-4228-B229-77399AB575A6}.Release|x86.Build.0 = Release|Win32
		{7A45AA32-AA1E-427A-A3DC-3206071F2CED}.Debug|x64.ActiveCfg = Debug|x64
		{7A45AA32-AA1E-427A-A3DC-3206071F2CED}.Debug|x64.Build.0 = Debug|x64
		{7A45AA32-AA1E-427A-A3DC-3206071F2CED}.Debug|x86.ActiveCfg = Debug|Win32
		{7A45AA32-AA1E-427A-A3DC-3206071F2CED}.Debug|x86.Build.0 = Debug|Win32
		{7A45AA32-AA1E-427A-A3DC-3206071F2CED}.Release|x64.ActiveCfg = Release|x64
		{7A45AA32-AA1E-427A-A3DC-3206071F2CED}.Release|x64.Build.0 = Release|x64
		{7A45AA32-AA1E-427A-A3DC-3206071F2CED}.Release|x86.ActiveCfg = Release|Win32
		{7A45AA32-AA1E-427A-A3DC-3206071F2CED}.Release|x86.Build.0 = Release|Win32
		{7156DA0F-08BA-4684-BDFC-60888EFF2679}.Debug|x64.ActiveCfg = Debug|x64
		{7156DA0F-08BA-4684-BDFC-60888EFF2679}.Debug|x64.Build.0 = Debug|x64
		{7156DA0F-08BA-4684-BDFC-60888EFF2679}.Debug|x86.ActiveCfg = Debug|Win32
		{7156DA0F-08BA-4684-BDFC-60888EFF2679}.Debug|x86.Build.0 = Debug|Win32
		{7156DA0F-08BA-4684-BDFC-60888EFF2679}.Release|x64.ActiveCfg = Release|x64
		{7156DA0F-08BA-4684-BDFC-60888EFF2679}.Release|x64.Build.0 = Release|x64
		{7156DA0F-08BA-4684-BDFC-60888EFF2679}.Release|x86.ActiveCfg = Release|Win32
		{7156DA0F-08BA-4684-BDFC-60888EFF2679}.Release|x86.Build.0 = Release|Win32
		{BA915687-CBA0-4A9B-A396-E27D8F6BDDBD}.Debug|x64.ActiveCfg = Debug|x64
		{BA915687-CBA0-4A9B-A396-E27D8F6BDDBD}.Debug|x64.Build.0 = Debug|x64
		{BA915687-CBA0-4A9B-A396-E27D8F6BDDBD}.Debug|x86.ActiveCfg = Debug|Win32
		{BA915687-CBA0-4A9B-A396-E27D8F6BDDBD}.Debug|x86.Build.0 = Debug|Win32
		{BA915687-CBA0-4A9B-A396-E27D8F6BDDBD}.Release|x64.ActiveCfg = Release|x64
		{BA915687-CBA0-4A9B-A396-E27D8F6BDDBD}.Release|x64.Build.0 = Release|x64
		{BA915687-CBA0-4A9B-A396-E27D8F6BDDBD}.Release|x86.ActiveCfg = Release|Win32
		{BA915687-CBA0-4A9B-A396-E27D8F6BDDBD}.Release|x86.Build.0 = Release|Win32
		{A329B7C3-CEF3-4A58-910D-8A41F4F298F3}.Debug|x64.ActiveCfg = Debug|x64
		{A329B7C3-CEF3-4A58-910D-8A41F4F298F3}.Debug|x64.Build.0 = Debug|x64
		{A329B7C3-CEF3-4A58-910D-8A41F4F298F3}.Debug|x86.ActiveCfg = Debug|Win32
		{A329B7C3-CEF3-4A58-910D-8A41F4F298F3}.Debug|x86.Build.0 = Debug|Win32
		{A329B7C3-CEF3-4A58-910D-8A41F4F298F3}.Release|x64.ActiveCfg = Release|x64
		{A329B7C3-CEF3-4A58-910D-8A41F4F298F3}.Release|x64.Build.0 = Release|x64
		{A329B7C3-CEF3-4A58-910D-8A41F4F298F3}.Release|x86.ActiveCfg = Release|Win32
		{A329B7C3-CEF3-4A58-910D-8A41F4F298F3}.Release|x86.Build.0 = Release|Win32
		{23B9ABFE-8C76-44AF-AF62-23D4C746DADC}.Debug|x64.ActiveCfg = Debug|x64
		{23B9ABFE-8C76-44AF-AF62-23D4C746DADC}.Debug|x64.Build.0 = Debug|x64
		{23B9ABFE-8C76-44AF-AF62-23D4C746DADC}.Debug|x86.ActiveCfg = Debug|Win32
		{23B9ABFE-8C76-44AF-AF62-23D4C746DADC}.Debug|x86.Build.0 = Debug|Win32
		{23B9ABFE-8C76-44AF-AF62-23D4C746DADC}.Release|x64.ActiveCfg = Release|x64
		{23B9ABFE-8C76-44AF-AF62-23D4C746DADC}.Release|x64.Build.0 = Release|x64
		{23B9ABFE-8C76-44AF-AF62-23D4C746DADC}.Release|x86.ActiveCfg = Release|Win32
		{23B9ABFE-8C76-44AF-AF62-23D4C746DADC}.Release|x86.Build.0 = Release|Win32
		{5144C973-FC6F-4AD1-9526-6CB6E90A0C87}.Debug|x64.ActiveCfg = Debug|x64
		{5144C973-FC6F-4AD1-9526-6CB6E90A0C87}.Debug|x64.Build.0 = Debug|x64
		{5144C973-FC6F-4AD1-9526-6CB6E90A0C87}.Debug|x86.ActiveCfg = Debug|Win32
		{5144C973-FC6F-4AD1-9526-6CB6E90A0C87}.Debug|x86.Build.0 = Debug|Win32
		{5144C973-FC6F-4AD1-9526-6CB6E90A0C87}.Release|x64.ActiveCfg = Release|x64
		{5144C973-FC6F-4AD1-9526-6CB6E90A0C87}.Release|x64.Build.0 = Release|x64
		{5144C973-FC6F-4AD1-9526-6CB6E90A0C87}.Release|x86.ActiveCfg = Release|Win32
		{5144C973-FC6F-4AD1-9526-6CB6E90A0C87}.Release|x86.Build.0 = Release|Win32
		{D2F54AEB-38A5-47DC-8C80-E05D3519368A}.Debug|x64.ActiveCfg = Debug|x64
		{D2F54AEB-38A5-47DC-8C80-E05D3519368A}.Debug|x64.Build.0 = Debug|x64
		{D2F54AEB-38A5-47DC-8C80-E05D3519368A}.Debug|x86.ActiveCfg = Debug|Win32
		{D2F54AEB-38A5-47DC-8C80-E05D3519368A}.Debug|x86.Build.0 = Debug|Win32
		{D2F54AEB-38A5-47DC-8C80-E05D3519368A}.Release|x64.ActiveCfg = Release|x64
		{D2F54AEB-38A5-47DC-8C80-E05D3519368A}.Release|x64.Build.0 = Release|x64
		{D2F54AEB-38A5-47DC-8C80-E05D3519368A}.Release|x86.ActiveCfg = Release|Win32
		{D2F54AEB-38A5-47DC-8C80-E05D3519368A}.Release|x86.Build.0 = Release|Win32
		{72B83D3D-8307-4E33-863C-6ACBCD2C8F33}.Debug|x64.ActiveCfg = Debug|x64
		{72B83D3D-8307-4E33-863C-6ACBCD2C8F33}.Debug|x64.Build.0 = Debug|x64
		{72B83D3D-8307-4E33-863C-6ACBCD2C8F33}.Debug|x86.ActiveCfg = Debug|Win32
		{72B83D3D-8307-4E33-863C-6ACBCD2C8F33}.Debug|x86.Build.0 = Debug|Win32
		{72B83D3D-8307-4E33-863C-6ACBCD2C8F33}.Release|x64.ActiveCfg = Release|x64
		{72B83D3D-8307-4E33-863C-6ACBCD2C8F33}.Release|x64.Build.0 = Release|x64
		{72B83D3D-8307-4E33-863C-6ACBCD2C8F33}.Release|x86.ActiveCfg = Release|Win32
		{72B83D3D-8307-4E33-863C-6ACBCD2C8F33}.Release|x86.Build.0 = Release|Win32
		{B354638E-5A32-482B-A6B2-2DB71A014F71}.Debug|x64.ActiveCfg = Debug|x64
		{B354638E-5A32-482B-A6B2-2DB71A014F71}.Debug|x64.Build.0 = Debug|x64
		{B354638E-5A32-482B-A6B2-2DB71A014F71}.Debug|x86.ActiveCfg = Debug|Win32
		{B354638E-5A32-482B-A6B2-2DB71A014F71}.Debug|x86.Build.0 = Debug|Win32
		{B354638E-5A32-482B-A6B2-2DB71A014F71}.Release|x64.ActiveCfg = Release|x64
		{B354638E-5A32-482B-A6B2-2DB71A014F71}.Release|x64.Build.0 = Release|x64
		{B354638E-5A32-482B-A6B2-2DB71A014F71}.Release|x86.ActiveCfg = Release|Win32
		{B354638E-5A32-482B-A6B2-2DB71A014F71}.Release|x86.Build.0 = Release|Win32
		{8B728A71-380C-4065-AB20-4E6AE527CC11}.Debug|x64.ActiveCfg = Debug|x64
		{8B728A71-380C-4065-AB20-4E6AE527CC11}.Debug|x64.Build.0 = Debug|x64
		{8B728A71-380C-4065-AB20-4E6AE527CC11}.Debug|x86.ActiveCfg = Debug|Win32
		{8B728A71-380C-4065-AB20-4E6AE527CC11}.Debug|x86.Build.0 = Debug|Win32
		{8B728A71-380C-4065-AB20-4E6AE527CC11}.Release|x64.ActiveCfg = Release|x64
		{8B728A71-380C-4065-AB20-4E6AE527CC11}.Release|x64.Build.0 = Release|x64
		{8B728A71-380C-4065-AB20-4E6AE527CC11}.Release|x86.ActiveCfg = Release|Win32
		{8B728A71-380C-4065-AB20-4E6AE527CC11}.Release|x86.Build.0 = Release|Win32
		{9AEF80BF-7370-47EC-9E68-3D928E626E71}.Debug|x64.ActiveCfg = Debug|x64
		{9AEF80BF-7370-47EC-9E68-3D928E626E71}.Debug|x64.Build.0 = Debug|x64
		{9AEF80BF-7370-47EC-9E68-3D928E626E71}.Debug|x86.ActiveCfg = Debug|Win32
		{9AEF80BF-7370-47EC-9E68-3D928E626E71}.Debug|x86.Build.0 = Debug|Win32
		{9AEF80BF-7370-47EC-9E68-3D928E626E71}.Release|x64.ActiveCfg = Release|x64
		{9AEF80BF-7370-47EC-9E68-3D928E626E71}.Release|x64.Build.0 = Release|x64
		{9AEF80BF-7370-47EC-9E68-3D928E626E71}.Release|x86.ActiveCfg = Release|Win32
		{9AEF80BF-7370-47EC-9E68-3D928E626E71}.Release|x86.Build.0 = Release|Win32
		{2CABF577-FCBB-4B7A-8BF8-D3DF8AAAC20F}.Debug|x64.ActiveCfg = Debug|x64
		{2CABF577-FCBB-4B7A-8BF8-D3DF8AAAC20F}.Debug|x64.Build.0 = Debug|x64
		{2CABF577-FCBB-4B7A-8BF8-D3DF8AAAC20F}.Debug|x86.ActiveCfg = Debug|Win32
		{2CABF577-FCBB-4B7A-8BF8-D3DF8AAAC20F}.Debug|x86.Build.0 = Debug|Win32
		{2CABF577-FCBB-4B7A-8BF8-D3DF8AAAC20F}.Release|x64.ActiveCfg = Release|x64
		{2CABF577-FCBB-4B7A-8BF8-D3DF8AAAC20F}.Release|x64.Build.0 = Release|x64
		{2CABF577-FCBB-4B7A-8BF8-D3DF8AAAC20F}.Release|x86.ActiveCfg = Release|Win32
		{2CABF577-FCBB-4B7A-8BF8-D3DF8AAAC20F}.Release|x86.Build.0 = Release|Win32
		{AEB8996F-A38F-4FBB-91E3-49C43E9F6A4A}.Debug|x64.ActiveCfg = Debug|x64
		{AEB8996F-A38F-4FBB-91E3-49C43E9F6A4A}.Debug|x64.Build.0 = Debug|x64
		{AEB8996F-A38F-4FBB-91E3-49C43E9F6A4A}.Debug|x86.ActiveCfg = Debug|Win32
		{AEB8996F-A38F-4FBB-91E3-49C43E9F6A4A}.Debug|x86.Build.0 = Debug|Win32
		{AEB8996F-A38F-4FBB-91E3-49C43E9F6A4A}.Release|x64.ActiveCfg = Release|x64
		{AEB8996F-A38F-4FBB-91E3-49C43E9F6A4A}.Release|x64.Build.0 = Release|x64
		{AEB8996F-A38F-4FBB-91E3-49C43E9F6A4A}.Release|x86.ActiveCfg = Release|Win32
		{AEB8996F-A38F-4FBB-91E3-49C43E9F6A4A}.Release|x86.Build.0 = Release|Win32
		{6A39EC17-274D-41E4-97E4-96992876FD39}.Debug|x64.ActiveCfg = Debug|x64
		{6A39EC17-274D-41E4-97E4-96992876FD39}.Debug|x64.Build.0 = Debug|x64
		{6A39EC17-274D-41E4-97E4-96992876FD39}.Debug|x86.ActiveCfg = Debug|Win32
		{6A39EC17-274D-41E4-97E4-96992876FD39}.Debug|x86.Build.0 = Debug|Win32
		{6A39EC17-274D-41E4-97E4-96992876FD39}.Release|x64.ActiveCfg = Release|x64
		{6A39EC17-274D-41E4-97E4-96992876FD39}.Release|x64.Build.0 = Release|x64
		{6A39EC17-274D-41E4-97E4-96992876FD39}.Release|x86.ActiveCfg = Release|Win32
		{6A39EC17-274D-41E4-97E4-96992876FD39}.Release|x86.Build.0 = Release|Win32
		{FEFC862B-F2C4-4622-BA49-D15E883111E3}.Debug|x64.ActiveCfg = Debug|x64
		{FEFC862B-F2C4-4622-BA49-D15E883111E3}.Debug|x64.Build.0 = Debug|x64
		{FEFC862B-F2C4-4622-BA49-D15E883111E3}.Debug|x86.ActiveCfg = Debug|Win32
		{FEFC862B-F2C4-4622-BA49-D15E883111E3}.Debug|x86.Build.0 = Debug|Win32
		{FEFC862B-F2C4-4622-BA49-D15E883111E3}.Release|x64.ActiveCfg = Release|x64
		{FEFC862B-F2C4-4622-BA49-D15E883111E3}.Release|x64.Build.0 = Release|x64
		{FEFC862B-F2C4-4622-BA49-D15E883111E3}.Release|x86.ActiveCfg = Release|Win32
		{FEFC862B-F2C4-4622-BA49-D15E883111E3}.Release|x86.Build.0 = Release|Win32
		{132241E7-D4EF-4E0B-86D0-1DAA9A3A1E91}.Debug|x64.ActiveCfg = Debug|x64
		{132241E7-D4EF-4E0B-86D0-1DAA9A3A1E91}.Debug|x64.Build.0 = Debug|x64
		{132241E7-D4EF-4E0B-86D0-1DAA9A3A1E91}.Debug|x86.ActiveCfg = Debug|Win32
		{132241E7-D4EF-4E0B-86D0-1DAA9A3A1E91}.Debug|x86.Build.0 = Debug|Win32
		{132241E7-D4EF-4E0B-86D0-1DAA9A3A1E91}.Release|x64.ActiveCfg = Release|x64
		{132241E7-D4EF-4E0B-86D0-1DAA9A3A1E91}.Release|x64.Build.0 = Release|x64
		{132241E7-D4EF-4E0B-86D0-1DAA9A3A1E91}.Release|x86.ActiveCfg = Release|Win32
		{132241E7-D4EF-4E0B-86D0-1DAA9A3A1E91}.Release|x86.Build.0 = Release|Win32
		{8B2C9857-33D1-48C2-8651-58771BB0A47C}.Debug|x64.ActiveCfg = Debug|x64
		{8B2C9857-33D1-48C2-8651-58771BB0A47C}.Debug|x64.Build.0 = Debug|x64
		{8B2C9857-33D1-48C2-8651-58771BB0A47C}.Debug|x86.ActiveCfg = Debug|Win32
		{8B2C9857-33D1-48C2-8651-58771BB0A47C}.Debug|x86.Build.0 = Debug|Win32
		{8B2C9857-33D1-48C2-8651-58771BB0A47C}.Release|x64.ActiveCfg = Release|x64
		{8B2C9857-33D1-48C2-8651-58771BB0A47C}.Release|x64.Build.0 = Release|x64
		{8B2C9857-33D1-48C2-8651-58771BB0A47C}.Release|x86.ActiveCfg = Release|Win32
		{8B2C9857-33D1-48C2-8651-58771BB0A47C}.Release|x86.Build.0 = Release|Win32
		{B309A1C8-6C01-4755-9769-6D0D89CF16CC}.Debug|x64.ActiveCfg = Debug|x64
		{B309A1C8-6C01-4755-9769-6D0D89CF16CC}.Debug|x64.Build.0 = Debug|x64
		{B309A1C8-6C01-4755-9769-6D0D89CF16CC}.Debug|x86.ActiveCfg = Debug|Win32
		{B309A1C8-6C01-4755-9769-6D0D89CF16CC}.Debug|x86.Build.0 = Debug|Win32
		{B309A1C8-6C01-4755-9769-6D0D89CF16CC}.Release|x64.ActiveCfg = Release|x64
		{B309A1C8-6C01-4755-9769-6D0D89CF16CC}.Release|x64.Build.0 = Release|x64
		{B309A1C8-6C01-4755-9769-6D0D89CF16CC}.Release|x86.ActiveCfg = Release|Win32
		{B309A1C8-6C01-4755-9769-6D0D89CF16CC}.Release|x86.Build.0 = Release|Win32
		{97E913E1-9857-4C8D-8389-F3647569B474}.Debug|x64.ActiveCfg = Debug|x64
		{97E913E1-9857-4C8D-8389-F3647569B474}.Debug|x64.Build.0 = Debug|x64
		{97E913E1-9857-4C8D-8389-F3647569B474}.Debug|x86.ActiveCfg = Debug|Win32
		{97E913E1-9857-4C8D-8389-F3647569B474}.Debug|x86.Build.0 = Debug|Win32
		{97E913E1-9857-4C8D-8389-F3647569B474}.Release|x64.ActiveCfg = Release|x64
		{97E913E1-9857-4C8D-8389-F3647569B474}.Release|x64.Build.0 = Release|x64
		{97E913E1-9857-4C8D-8389-F3647569B474}.Release|x86.ActiveCfg = Release|Win32
		{97E913E1-9857-4C8D-8389-F3647569B474}.Release|x86.Build.0 = Release|Win32
		{E11E037E-FA55-4DEA-A8F3-1E20D1953721}.Debug|x64.ActiveCfg = Debug|x64
		{E11E037E-FA55-4DEA-A8F3-1E20D1953721}.Debug|x64.Build.0 = Debug|x64
		{E11E037E-FA55-4DEA-A8F3-1E20D1953721}.Debug|x86.ActiveCfg = Debug|Win32
		{E11E037E-FA55-4DEA-A8F3-1E20D1953721}.Debug|x86.Build.0 = Debug|Win32
		{E11E037E-FA55-4DEA-A8F3-1E20D1953721}.Release|x64.ActiveCfg = Release|x64
		{E11E037E-FA55-4DEA-A8F3-1E20D1953721}.Release|x64.Build.0 = Release|x64
		{E11E037E-FA55-4DEA-A8F3-1E20D1953721}.Release|x86.ActiveCfg = Release|Win32
		{E11E037E-FA55-4DEA-A8F3-1E20D1953721}.Release|x86.Build.0 = Release|Win32
		{DB2AEE0C-25A4-4F20-9FD9-B7A9CA8496D2}.Debug|x64.ActiveCfg = Debug|x64
		{DB2AEE0C-25A4-4F20-9FD9-B7A9CA8496D2}.Debug|x64.Build.0 = Debug|x64
		{DB2AEE0C-25A4-4F20-9FD9-B7A9CA8496D2}.Debug|x86.ActiveCfg = Debug|Win32
		{DB2AEE0C-25A4-4F20-9FD9-B7A9CA8496D2}.Debug|x86.Build.0 = Debug|Win32
		{DB2AEE0C-25A4-4F20-9FD9-B7A9CA8496D2}.Release|x64.ActiveCfg = Release|x64
		{DB2AEE0C-25A4-4F20-9FD9-B7A9CA8496D2}.Release|x64.Build.0 = Release|x64
		{DB2AEE0C-25A4-4F20-9FD9-B7A9CA8496D2}.Release|x86.ActiveCfg = Release|Win32
		{DB2AEE0C-25A4-4F20-9FD9-B7A9CA8496D2}.Release|x86.Build.0 = Release|Win32
		{93B4D3AB-8A6C-4A7B-8C0F-3F8E690B9E51}.Debug|x64.ActiveCfg = Debug|x64
		{93B4D3AB-8A6C-4A7B-8C0F-3F8E690B9E51}.Debug|x64.Build.0 = Debug|x64
		{93B4D3AB-8A6C-4A7B-8C0F-3F8E690B9E51}.Debug|x86.ActiveCfg = Debug|Win32
		{93B4D3AB-8A6C-4A7B-8C0F-3F8E690B9E51}.Debug|x86.Build.0 = Debug|Win32
		{93B4D3AB-8A6C-4A7B-8C0F-3F8E690B9E51}.Release|x64.ActiveCfg = Release|x64
		{93B4D3AB-8A6C-4A7B-8C0F-3F8E690B9E51}.Release|x64.Build.0 = Release|x64
		{93B4D3AB-8A6C-4A7B-8C0F-3F8E690B9E51}.Release|x86.ActiveCfg = Release|Win32
		{93B4D3AB-8A6C-4A7B-8C0F-3F8E690B9E51}.Release|x86.Build.0 = Release|Win32
		{C37EBD29-2D8A-4016-BEFC-4CA078C39410}.Debug|x64.ActiveCfg = Debug|x64
		{C37EBD29-2D8A-4016-BEFC-4CA078C39410}.Debug|x64.Build.0 = Debug|x64
		{C37EBD29-2D8A-4016-BEFC-4CA078C39410}.Debug|x86.ActiveCfg = Debug|Win32
		{C37EBD29-2D8A-4016-BEFC-4CA078C39410}.Debug|x86.Build.0 = Debug|Win32
		{C37EBD29-2D8A-4016-BEFC-4CA078C39410}.Release|x64.ActiveCfg = Release|x64
		{C37EBD29-2D8A-4016-BEFC-4CA078C39410}.Release|x64.Build.0 = Release|x64
		{C37EBD29-2D8A-4016-BEFC-4CA078C39410}.Release|x86.ActiveCfg = Release|Win32
		{C37EBD29-2D8A-4016-BEFC-4CA078C39410}.Release|x86.Build.0 = Release|Win32
		{AE1A70CD-9FAD-4387-9D66-D00536960ABC}.Debug|x64.ActiveCfg = Debug|x64
		{AE1A70CD-9FAD-4387-9D66-D00536960ABC}.Debug|x64.Build.0 = Debug|x64
		{AE1A70CD-9FAD-4387-9D66-D00536960ABC}.Debug|x86.ActiveCfg = Debug|Win32
		{AE1A70CD-9FAD-4387-9D66-D00536960ABC}.Debug|x86.Build.0 = Debug|Win32
		{AE1A70CD-9FAD-4387-9D66-D00536960ABC}.Release|x64.ActiveCfg = Release|x64
		{AE1A70CD-9FAD-4387-9D66-D00536960ABC}.Release|x64.Build.0 = Release|x64
		{AE1A70CD-9FAD-4387-9D66-D00536960ABC}.Release|x86.ActiveCfg = Release|Win32
		{AE1A70CD-9FAD-4387-9D66-D00536960ABC}.Release|x86.Build.0 = Release|Win32
		{09907F61-C0AA-495F-A2F5-AC015D2B21D4}.Debug|x64.ActiveCfg = Debug|x64
		{09907F61-C0AA-495F-A2F5-AC015D2B21D4}.Debug|x64.Build.0 = Debug|x64
		{09907F61-C0AA-495F-A2F5-AC015D2B21D4}.Debug|x86.ActiveCfg = Debug|Win32
		{09907F61-C0AA-495F-A2F5-AC015D2B21D4}.Debug|x86.Build.0 = Debug|Win32
		{09907F61-C0AA-495F-A2F5-AC015D2B21D4}.Release|x64.ActiveCfg = Release|x64
		{09907F61-C0AA-495F-A2F5-AC015D2B21D4}.Release|x64.Build.0 = Release|x64
		{09907F61-C0AA-495F-A2F5-AC015D2B21D4}.Release|x86.ActiveCfg = Release|Win32
		{09907F61-C0AA-495F-A2F5-AC015D2B21D4}.Release|x86.Build.0 = Release|Win32
		{11318450-3310-4D74-B9C1-F87A5EE1082A}.Debug|x64.ActiveCfg = Debug|x64
		{11318450-3310-4D74-B9C1-F87A5EE1082A}.Debug|x64.Build.0 = Debug|x64
		{11318450-3310-4D74-B9C1-F87A5EE1082A}.Debug|x86.ActiveCfg = Debug|Win32
		{11318450-3310-4D74-B9C1-F87A5EE1082A}.Debug|x86.Build.0 = Debug|Win32
		{11318450-3310-4D74-B9C1-F87A5EE1082A}.Release|x64.ActiveCfg = Release|x64
		{11318450-3310-4D74-B9C1-F87A5EE1082A}.Release|x64.Build.0 = Release|x64
		{11318450-3310-4D74-B9C1-F87A5EE1082A}.Release|x86.ActiveCfg = Release|Win32
		{11318450-3310-4D74-B9C1-F87A5EE1082A}.Release|x86.Build.0 = Release|Win32
		{D7557A07-7ADB-4F30-A4D0-71C6A376C1C6}.Debug|x64.ActiveCfg = Debug|x64
		{D7557A07-7ADB-4F30-A4D0-71C6A376C1C6}.Debug|x64.Build.0 = Debug|x64
		{D7557A07-7ADB-4F30-A4D0-71C6A376C1C6}.Debug|x86.ActiveCfg = Debug|Win32
		{D7557A07-7ADB-4F30-A4D0-71C6A376C1C6}.Debug|x86.Build.0 = Debug|Win32
		{D7557A07-7ADB-4F30-A4D0-71C6A376C1C6}.Release|x64.ActiveCfg = Release|x64
		{D7557A07-7ADB-4F30-A4D0-71C6A376C1C6}.Release|x64.Build.0 = Release|x64
		{D7557A07-7ADB-4F30-A4D0-71C6A376C1C6}.Release|x86.ActiveCfg = Release|Win32
		{D7557A07-7ADB-4F30-A4D0-71C6A376C1C6}.Release|x86.Build.0 = Release|Win32
		{D9ACD4FB-72E1-4A27-88D6-E25ACA0667DA}.Debug|x64.ActiveCfg = Debug|x64
		{D9ACD4FB-72E1-4A27-88D6-E25ACA0667DA}.Debug|x64.Build.0 = Debug|x64
		{D9ACD4FB-72E1-4A27-88D6-E25ACA0667DA}.Debug|x86.ActiveCfg = Debug|Win32
		{D9ACD4FB-72E1-4A27-88D6-E25ACA0667DA}.Debug|x86.Build.0 = Debug|Win32
		{D9ACD4FB-72E1-4A27-88D6-E25ACA0667DA}.Release|x64.ActiveCfg = Release|x64
		{D9ACD4FB-72E1-4A27-88D6-E25ACA0667DA}.Release|x64.Build.0 = Release|x64
		{D9ACD4FB-72E1-4A27-88D6-E25ACA0667DA}.Release|x86.ActiveCfg = Release|Win32
		{D9ACD4FB-72E1-4A27-88D6-E25ACA0667DA}.Release|x86.Build.0 = Release|Win32
		{954D26B8-033E-4653-889B-DDFF58F9B1EF}.Debug|x64.ActiveCfg = Debug|x64
		{954D26B8-033E-4653-889B-DDFF58F9B1EF}.Debug|x64.Build.0 = Debug|x64
		{954D26B8-033E-4653-889B-DDFF58F9B1EF}.Debug|x86.ActiveCfg = Debug|Win32
		{954D26B8-033E-4653-889B-DDFF58F9B1EF}.Debug|x86.Build.0 = Debug|Win32
		{954D26B8-033E-4653-889B-DDFF58F9B1EF}.Release|x64.ActiveCfg = Release|x64
		{954D26B8-033E-4653-889B-DDFF58F9B1EF}.Release|x64.Build.0 = Release|x64
		{954D26B8-033E-4653-889B-DDFF58F9B1EF}.Release|x86.ActiveCfg = Release|Win32
		{954D26B8-033E-4653-889B-DDFF58F9B1EF}.Release|x86.Build.0 = Release|Win32
	EndGlobalSection
	GlobalSection(SolutionProperties) = preSolution
		HideSolutionNode = FALSE
	EndGlobalSection
	GlobalSection(NestedProjects) = preSolution
		{64E847E9-FF6B-45AB-87C5-5DC9C5C66519} = {CBCED384-5899-4A1B-903B-1AD6FEBC50E4}
		{2F21E779-7EB4-4BA1-9216-07AFE8FAF6F9} = {CBCED384-5899-4A1B-903B-1AD6FEBC50E4}
		{611A62D8-EAF1-4C35-8683-6BAD9CCD455F} = {CBCED384-5899-4A1B-903B-1AD6FEBC50E4}
		{2E92300C-FB8D-4D95-8FD3-6DB3E159DEBE} = {CBCED384-5899-4A1B-903B-1AD6FEBC50E4}
		{0C06D05A-D0D0-4ABB-9A78-50EE52B3BD2B} = {94882656-4C83-4F62-8F16-97574ED7118B}
		{DAE80DF5-9586-451F-8258-B88936A616F8} = {94882656-4C83-4F62-8F16-97574ED7118B}
		{9844104C-4056-40A2-9597-79CC3D4C6B35} = {94882656-4C83-4F62-8F16-97574ED7118B}
		{ABB9F4B5-43A3-4228-B229-77399AB575A6} = {94882656-4C83-4F62-8F16-97574ED7118B}
		{7A45AA32-AA1E-427A-A3DC-3206071F2CED} = {94882656-4C83-4F62-8F16-97574ED7118B}
		{7156DA0F-08BA-4684-BDFC-60888EFF2679} = {4491E43B-C277-42D6-ACC7-9DE7FED2BF5C}
		{BA915687-CBA0-4A9B-A396-E27D8F6BDDBD} = {4491E43B-C277-42D6-ACC7-9DE7FED2BF5C}
		{A329B7C3-CEF3-4A58-910D-8A41F4F298F3} = {4491E43B-C277-42D6-ACC7-9DE7FED2BF5C}
		{23B9ABFE-8C76-44AF-AF62-23D4C746DADC} = {4491E43B-C277-42D6-ACC7-9DE7FED2BF5C}
		{5144C973-FC6F-4AD1-9526-6CB6E90A0C87} = {4491E43B-C277-42D6-ACC7-9DE7FED2BF5C}
		{D2F54AEB-38A5-47DC-8C80-E05D3519368A} = {4491E43B-C277-42D6-ACC7-9DE7FED2BF5C}
		{72B83D3D-8307-4E33-863C-6ACBCD2C8F33} = {CEA5B6C1-AA19-4E39-B461-0930191198AC}
		{B354638E-5A32-482B-A6B2-2DB71A014F71} = {CEA5B6C1-AA19-4E39-B461-0930191198AC}
		{8B728A71-380C-4065-AB20-4E6AE527CC11} = {CEA5B6C1-AA19-4E39-B461-0930191198AC}
		{9AEF80BF-7370-47EC-9E68-3D928E626E71} = {CEA5B6C1-AA19-4E39-B461-0930191198AC}
		{2CABF577-FCBB-4B7A-8BF8-D3DF8AAAC20F} = {CEA5B6C1-AA19-4E39-B461-0930191198AC}
		{AEB8996F-A38F-4FBB-91E3-49C43E9F6A4A} = {03BBB2E6-97E1-4613-84EC-C1E69D705209}
		{6A39EC17-274D-41E4-97E4-96992876FD39} = {03BBB2E6-97E1-4613-84EC-C1E69D705209}
		{FEFC862B-F2C4-4622-BA49-D15E883111E3} = {03BBB2E6-97E1-4613-84EC-C1E69D705209}
		{132241E7-D4EF-4E0B-86D0-1DAA9A3A1E91} = {D2B845FE-0902-4E12-86DF-14B5C16D88F2}
		{8B2C9857-33D1-48C2-8651-58771BB0A47C} = {D2B845FE-0902-4E12-86DF-14B5C16D88F2}
		{B309A1C8-6C01-4755-9769-6D0D89CF16CC} = {D2B845FE-0902-4E12-86DF-14B5C16D88F2}
		{97E913E1-9857-4C8D-8389-F3647569B474} = {D2B845FE-0902-4E12-86DF-14B5C16D88F2}
		{E11E037E-FA55-4DEA-A8F3-1E20D1953721} = {D2B845FE-0902-4E12-86DF-14B5C16D88F2}
		{DB2AEE0C-25A4-4F20-9FD9-B7A9CA8496D2} = {D2B845FE-0902-4E12-86DF-14B5C16D88F2}
		{93B4D3AB-8A6C-4A7B-8C0F-3F8E690B9E51} = {D2B845FE-0902-4E12-86DF-14B5C16D88F2}
		{C37EBD29-2D8A-4016-BEFC-4CA078C39410} = {D2B845FE-0902-4E12-86DF-14B5C16D88F2}
		{AE1A70CD-9FAD-4387-9D66-D00536960ABC} = {D2B845FE-0902-4E12-86DF-14B5C16D88F2}
		{09907F61-C0AA-495F-A2F5-AC015D2B21D4} = {D2B845FE-0902-4E12-86DF-14B5C16D88F2}
		{11318450-3310-4D74-B9C1-F87A5EE1082A} = {D2B845FE-0902-4E12-86DF-14B5C16D88F2}
		{D7557A07-7ADB-4F30-A4D0-71C6A376C1C6} = {D2B845FE-0902-4E12-86DF-14B5C16D88F2}
		{D9ACD4FB-72E1-4A27-88D6-E25ACA0667DA} = {503F6DB5-04A8-4974-AD3A-54BEEEE263F2}
		{954D26B8-033E-4653-889B-DDFF58F9B1EF} = {503F6DB5-04A8-4974-AD3A-54BEEEE263F2}
	EndGlobalSection
	GlobalSection(ExtensibilityGlobals) = postSolution
		SolutionGuid = {D6B1F7C7-DE8D-4505-B1AE-12F93707DF34}
	EndGlobalSection
EndGlobal
